
Microsoft Visual Studio Solution File, Format Version 12.00
# Visual Studio Version 17
VisualStudioVersion = 17.1.32210.238
MinimumVisualStudioVersion = 10.0.40219.1
Project("{FAE04EC0-301F-11D3-BF4B-00C04F79EFBC}") = "BUS_BussinessLayer", "BUS_BussinessLayer\BUS_BussinessLayer.csproj", "{CA4557FA-3B18-4802-BE94-FA15C55F76C0}"
EndProject
Project("{FAE04EC0-301F-11D3-BF4B-00C04F79EFBC}") = "GUI_PresentationLayer", "GUI_PresentationLayer\GUI_PresentationLayer.csproj", "{47B1306E-677F-4ECB-9C69-9B6B714938BD}"
EndProject
Project("{FAE04EC0-301F-11D3-BF4B-00C04F79EFBC}") = "DAL_DataAccessLayer", "DAL_DataAccessLayer\DAL_DataAccessLayer.csproj", "{41DA6EAF-8445-4B46-84E9-DD3EF940C2CA}"
EndProject
Global
	GlobalSection(SolutionConfigurationPlatforms) = preSolution
		Debug|Any CPU = Debug|Any CPU
		Release|Any CPU = Release|Any CPU
	EndGlobalSection
	GlobalSection(ProjectConfigurationPlatforms) = postSolution
		{CA4557FA-3B18-4802-BE94-FA15C55F76C0}.Debug|Any CPU.ActiveCfg = Debug|Any CPU
		{CA4557FA-3B18-4802-BE94-FA15C55F76C0}.Debug|Any CPU.Build.0 = Debug|Any CPU
		{CA4557FA-3B18-4802-BE94-FA15C55F76C0}.Release|Any CPU.ActiveCfg = Release|Any CPU
		{CA4557FA-3B18-4802-BE94-FA15C55F76C0}.Release|Any CPU.Build.0 = Release|Any CPU
		{47B1306E-677F-4ECB-9C69-9B6B714938BD}.Debug|Any CPU.ActiveCfg = Debug|Any CPU
		{47B1306E-677F-4ECB-9C69-9B6B714938BD}.Debug|Any CPU.Build.0 = Debug|Any CPU
		{47B1306E-677F-4ECB-9C69-9B6B714938BD}.Release|Any CPU.ActiveCfg = Release|Any CPU
		{47B1306E-677F-4ECB-9C69-9B6B714938BD}.Release|Any CPU.Build.0 = Release|Any CPU
		{41DA6EAF-8445-4B46-84E9-DD3EF940C2CA}.Debug|Any CPU.ActiveCfg = Debug|Any CPU
		{41DA6EAF-8445-4B46-84E9-DD3EF940C2CA}.Debug|Any CPU.Build.0 = Debug|Any CPU
		{41DA6EAF-8445-4B46-84E9-DD3EF940C2CA}.Release|Any CPU.ActiveCfg = Release|Any CPU
		{41DA6EAF-8445-4B46-84E9-DD3EF940C2CA}.Release|Any CPU.Build.0 = Release|Any CPU
	EndGlobalSection
	GlobalSection(SolutionProperties) = preSolution
		HideSolutionNode = FALSE
	EndGlobalSection
	GlobalSection(ExtensibilityGlobals) = postSolution
		SolutionGuid = {7FD3B4A9-0B5B-4FC5-ADEC-00ED62DAE7C5}
	EndGlobalSection
EndGlobal
